<Solution>
  <Folder Name="/Contracts/">
    <Project Path="../Cyrene-Plugins-Official/contracts/tck/message-connector-v1/dotnet/MessageConnectorContractTck.csproj" />
    <Project Path="../Cyrene-Plugins-Official/contracts/tck/model-provider-v1/dotnet/ModelProviderContractTck.csproj" />
  </Folder>
</Solution>
