<Solution>
  <Folder Name="/Plugins/">
    <Project Path="../Cyrene-Plugins-Official/plugins/agents/agent-system/src/dotnet/Cyrene.AgentSystem.Compat.csproj" />
    <Project Path="../Cyrene-Plugins-Official/plugins/gateway/aspnet-core/src/Cyrene.AspNetCoreGateway/Cyrene.AspNetCoreGateway.csproj" />
  </Folder>
</Solution>
