<Solution>
  <Folder Name="/AstrBot/">
    <Project Path="../services/cyrene-astrbot-rev/src/AstrBot.DotNetHost/AstrBot.DotNetHost.csproj" />
    <Project Path="../services/cyrene-astrbot-rev/src/AstrBot.DatabaseMigrator/AstrBot.DatabaseMigrator.csproj" />
    <Project Path="../services/cyrene-astrbot-rev/src/IrisHistoryImporter/IrisHistoryImporter.csproj" />
    <Project Path="../services/cyrene-astrbot-rev/src/AstrBot.KnowledgeBaseImporter/AstrBot.KnowledgeBaseImporter.csproj" />
    <Project Path="../services/cyrene-astrbot-rev/tests/AstrBot.DotNetHost.Tests/AstrBot.DotNetHost.Tests.csproj" />
  </Folder>
  <Folder Name="/WeComAgentHub/">
    <Project Path="../services/cyrene-dh-system-internal/src/WeComAgentHub.Domain/WeComAgentHub.Domain.csproj" />
    <Project Path="../services/cyrene-dh-system-internal/src/WeComAgentHub.Application/WeComAgentHub.Application.csproj" />
    <Project Path="../services/cyrene-dh-system-internal/src/WeComAgentHub.Infrastructure/WeComAgentHub.Infrastructure.csproj" />
    <Project Path="../services/cyrene-dh-system-internal/src/WeComAgentHub.Wecom/WeComAgentHub.Wecom.csproj" />
    <Project Path="../services/cyrene-dh-system-internal/src/WeComAgentHub.Mcp/WeComAgentHub.Mcp.csproj" />
    <Project Path="../services/cyrene-dh-system-internal/src/WeComAgentHub.Scheduler/WeComAgentHub.Scheduler.csproj" />
    <Project Path="../services/cyrene-dh-system-internal/src/WeComAgentHub.Worker/WeComAgentHub.Worker.csproj" />
    <Project Path="../services/cyrene-dh-system-internal/src/WeComAgentHub.Api/WeComAgentHub.Api.csproj" />
    <Project Path="../services/cyrene-dh-system-internal/src/WeComAgentHub.AdminWeb/WeComAgentHub.AdminWeb.csproj" />
    <Project Path="../services/cyrene-dh-system-internal/src/WeComAgentHub.AppHost/WeComAgentHub.AppHost.csproj" />
    <Project Path="../services/cyrene-dh-system-internal/src/WeComAgentHub.CloudConnectors/Abstractions/WeComAgentHub.CloudConnectors.Abstractions.csproj" />
    <Project Path="../services/cyrene-dh-system-internal/src/WeComAgentHub.CloudConnectors/Billing/WeComAgentHub.CloudConnectors.Billing.csproj" />
    <Project Path="../services/cyrene-dh-system-internal/src/WeComAgentHub.CloudConnectors/GpuCompute/WeComAgentHub.CloudConnectors.GpuCompute.csproj" />
    <Project Path="../services/cyrene-dh-system-internal/src/WeComAgentHub.CloudConnectors/Hyperscale/WeComAgentHub.CloudConnectors.Hyperscale.csproj" />
    <Project Path="../services/cyrene-dh-system-internal/src/WeComAgentHub.CloudConnectors/ModelApi/WeComAgentHub.CloudConnectors.ModelApi.csproj" />
    <Project Path="../services/cyrene-dh-system-internal/tests/WeComAgentHub.Application.Tests/WeComAgentHub.Application.Tests.csproj" />
    <Project Path="../services/cyrene-dh-system-internal/tests/WeComAgentHub.Architecture.Tests/WeComAgentHub.Architecture.Tests.csproj" />
    <Project Path="../services/cyrene-dh-system-internal/tests/WeComAgentHub.Domain.Tests/WeComAgentHub.Domain.Tests.csproj" />
  </Folder>
  <Folder Name="/Plugins/">
    <Project Path="../plugins/plugins/agents/agent-system/src/dotnet/Cyrene.AgentSystem.Compat.csproj" />
    <Project Path="../plugins/plugins/gateway/aspnet-core/src/Cyrene.AspNetCoreGateway/Cyrene.AspNetCoreGateway.csproj" />
  </Folder>
</Solution>
