<Solution>
  <Folder Name="/AstrBot/">
    <Project Path="../../Services/Astrbot-Rev/src/AstrBot.DotNetHost/AstrBot.DotNetHost.csproj" />
    <Project Path="../../Services/Astrbot-Rev/src/AstrBot.DatabaseMigrator/AstrBot.DatabaseMigrator.csproj" />
    <Project Path="../../Services/Astrbot-Rev/src/IrisHistoryImporter/IrisHistoryImporter.csproj" />
    <Project Path="../../Services/Astrbot-Rev/src/AstrBot.KnowledgeBaseImporter/AstrBot.KnowledgeBaseImporter.csproj" />
    <Project Path="../../Services/Astrbot-Rev/tests/AstrBot.DotNetHost.Tests/AstrBot.DotNetHost.Tests.csproj" />
  </Folder>
  <Folder Name="/Plugins/">
    <Project Path="../../Cyrene-Plugins-Official/plugins/agents/agent-system/src/dotnet/Cyrene.AgentSystem.Compat.csproj" />
    <Project Path="../../Cyrene-Plugins-Official/plugins/gateway/aspnet-core/src/Cyrene.AspNetCoreGateway/Cyrene.AspNetCoreGateway.csproj" />
  </Folder>
</Solution>
